# This file is autogenerated, do not edit; changes may be undone by the next 'dep ensure'.


[[projects]]
  digest = "1:15310eb747a3957085a05b6f4d446eb93af24db2b7e7b8ec24cbcff65d878e6a"
  name = "github.com/AlekSi/pointer"
  packages = ["."]
  pruneopts = "NUT"
  revision = "4f2b1f4deff73a28288291183baa1e9dff4a93a5"
  version = "v1.1.0"

[[projects]]
  digest = "1:0a111edd8693fd977f42a0c4f199a0efb13c20aec9da99ad8830c7bb6a87e8d6"
  name = "github.com/PuerkitoBio/purell"
  packages = ["."]
  pruneopts = "NUT"
  revision = "44968752391892e1b0d0b821ee79e9a85fa13049"
  version = "v1.1.1"

[[projects]]
  branch = "master"
  digest = "1:8098cd40cd09879efbf12e33bcd51ead4a66006ac802cd563a66c4f3373b9727"
  name = "github.com/PuerkitoBio/urlesc"
  packages = ["."]
  pruneopts = "NUT"
  revision = "de5bf2ad457846296e2031421a34e2568e304e35"

[[projects]]
  digest = "1:c625fa56b03726603d572cf18fc73499751d2715dfa3f8b2dfad48ddecd408d7"
  name = "github.com/asaskevich/govalidator"
  packages = ["."]
  pruneopts = "NUT"
  revision = "475eaeb164960a651e97470412a7d3b0c5036105"
  version = "v10"

[[projects]]
  digest = "1:ffe9824d294da03b391f44e1ae8281281b4afc1bdaa9588c9097785e3af10cec"
  name = "github.com/davecgh/go-spew"
  packages = ["spew"]
  pruneopts = "NUT"
  revision = "8991bc29aa16c548c550c7ff78260e27b9ab7c73"
  version = "v1.1.1"

[[projects]]
  digest = "1:1d12d916c2281ca8c667087a99e45586d716397ddf6bc8140c2ba9966b62bfd5"
  name = "github.com/go-openapi/analysis"
  packages = [
    ".",
    "internal",
  ]
  pruneopts = "NUT"
  revision = "01a3bdad024cd0b80f267b070347538b6edb1c77"
  version = "v0.19.7"

[[projects]]
  digest = "1:e6de5e1d94268a61cd4672452b1d39c576c0e796ff677ada73d94f259253c038"
  name = "github.com/go-openapi/errors"
  packages = ["."]
  pruneopts = "NUT"
  revision = "9b273e805998abc751853b4e1574d66e5df888b4"
  version = "v0.19.3"

[[projects]]
  digest = "1:3758c86e787dfe5792a23430f34636106a16da914446724399c9c12f121a225d"
  name = "github.com/go-openapi/jsonpointer"
  packages = ["."]
  pruneopts = "NUT"
  revision = "ed123515f087412cd7ef02e49b0b0a5e6a79a360"
  version = "v0.19.3"

[[projects]]
  digest = "1:98abd61947ff5c7c6fcfec5473d02a4821ed3a2dd99a4fbfdb7925b0dd745546"
  name = "github.com/go-openapi/jsonreference"
  packages = ["."]
  pruneopts = "NUT"
  revision = "82f31475a8f7a12bc26962f6e26ceade8ea6f66a"
  version = "v0.19.3"

[[projects]]
  digest = "1:c3cb0571346173abe3b329baf50e5ca05d2d1640cfe2817c65ed377e44c34afc"
  name = "github.com/go-openapi/loads"
  packages = ["."]
  pruneopts = "NUT"
  revision = "bda4742c39071f7804171d847fb6e9bca84f9f57"
  version = "v0.19.4"

[[projects]]
  digest = "1:b84759b936cd41335ea7beb8999e7f6fa911d5759db5359adef5702ef9b865ee"
  name = "github.com/go-openapi/runtime"
  packages = [
    ".",
    "client",
    "logger",
    "middleware",
    "middleware/denco",
    "middleware/header",
    "middleware/untyped",
    "security",
  ]
  pruneopts = "NUT"
  revision = "d5a301537e5208a4b0c720f36ba75c0fa802c7df"
  version = "v0.19.11"

[[projects]]
  digest = "1:da2ad0356c603997317f60dfa8c571df6c60411b4359846b8b9ed735b62e913f"
  name = "github.com/go-openapi/spec"
  packages = ["."]
  pruneopts = "NUT"
  revision = "dce82e4362c708e636da7feb0831bd29efb5cd97"
  version = "v0.19.6"

[[projects]]
  digest = "1:0c6d85eccd1cdefa1826b4f7ad874b5ee626dc1ac2746742d9d2fd0faf8704e1"
  name = "github.com/go-openapi/strfmt"
  packages = ["."]
  pruneopts = "NUT"
  revision = "1940fb2f8aba2045ae5493bd64b76ad4af8b5856"
  version = "v0.19.4"

[[projects]]
  digest = "1:2233a452b32ea89d54ed31bb1357a23b35e5fcc55f25880bcdccc1aa0872c891"
  name = "github.com/go-openapi/swag"
  packages = ["."]
  pruneopts = "NUT"
  revision = "6a1eb9830f1c6b090dcd01cee6c3983604a2306f"
  version = "v0.19.7"

[[projects]]
  digest = "1:9fbbc1c4406ca7512b30c1e5a0c23d155e3cb34da63c207577fa49841377f8c7"
  name = "github.com/go-openapi/validate"
  packages = ["."]
  pruneopts = "NUT"
  revision = "0ce7161a56d25c4021e6a4b5c18418ed46909b35"
  version = "v0.19.6"

[[projects]]
  digest = "1:91358b3a314c1ddfd4d6445ca9c1fb846842c31c153e626730594b3c95f73f4a"
  name = "github.com/go-stack/stack"
  packages = ["."]
  pruneopts = "NUT"
  revision = "2fee6af1a9795aafbe0253a0cfbdf668e1fb8a9a"
  version = "v1.8.0"

[[projects]]
  digest = "1:2aee2c81817d3334cf3e85e99ffe9515315b4cb35e90b45ae2164c3b68fd7dcf"
  name = "github.com/jstemmer/go-junit-report"
  packages = [
    ".",
    "formatter",
    "parser",
  ]
  pruneopts = "NUT"
  revision = "cc1f095d5cc5eca2844f5c5ea7bb37f6b9bf6cac"
  version = "v0.9.1"

[[projects]]
  digest = "1:58999a98719fddbac6303cb17e8d85b945f60b72f48e3a2df6b950b97fa926f1"
  name = "github.com/konsorten/go-windows-terminal-sequences"
  packages = ["."]
  pruneopts = "NUT"
  revision = "f55edac94c9bbba5d6182a4be46d86a2c9b5b50e"
  version = "v1.0.2"

[[projects]]
  digest = "1:7bbccd3dd7998f2a180264ec1d12e362ed8e02f55ea7b82ac0d0f48ffa2d8888"
  name = "github.com/mailru/easyjson"
  packages = [
    "buffer",
    "jlexer",
    "jwriter",
  ]
  pruneopts = "NUT"
  revision = "8edcc4e51f39ddbd3505a3386aff3f435a7fd028"
  version = "v0.7.1"

[[projects]]
  digest = "1:a45ae66dea4c899d79fceb116accfa1892105c251f0dcd9a217ddc276b42ec68"
  name = "github.com/mitchellh/mapstructure"
  packages = ["."]
  pruneopts = "NUT"
  revision = "3536a929edddb9a5b34bd6861dc4a9647cb459fe"
  version = "v1.1.2"

[[projects]]
  branch = "PMM-2.0"
  digest = "1:cfd902465dac5ac26c5ed92a971d3274b9bf6c60ffa49484e4888d633af735dd"
  name = "github.com/percona/pmm"
  packages = [
    "api/inventorypb/json/client",
    "api/inventorypb/json/client/agents",
    "api/inventorypb/json/client/nodes",
    "api/inventorypb/json/client/services",
    "api/managementpb/json/client",
    "api/managementpb/json/client/actions",
    "api/managementpb/json/client/annotation",
    "api/managementpb/json/client/mongo_db",
    "api/managementpb/json/client/my_sql",
    "api/managementpb/json/client/node",
    "api/managementpb/json/client/postgre_sql",
    "api/managementpb/json/client/proxy_sql",
    "api/managementpb/json/client/rds",
    "api/managementpb/json/client/service",
    "api/serverpb/json/client",
    "api/serverpb/json/client/server",
    "utils/tlsconfig",
  ]
  pruneopts = "NUT"
  revision = "0738149f2e34c59732033298211be15119cbb362"

[[projects]]
  digest = "1:0028cb19b2e4c3112225cd871870f2d9cf49b9b4276531f03438a88e94be86fe"
  name = "github.com/pmezard/go-difflib"
  packages = ["difflib"]
  pruneopts = "NUT"
  revision = "792786c7400a136282c1664665ae0a8db921c6c2"
  version = "v1.0.0"

[[projects]]
  digest = "1:f4aaa07a6c33f2b354726d0571acbc8ca118837c75709f6353203ae1a3f8eeab"
  name = "github.com/sirupsen/logrus"
  packages = ["."]
  pruneopts = "NUT"
  revision = "839c75faf7f98a33d445d181f3018b5c3409a45e"
  version = "v1.4.2"

[[projects]]
  digest = "1:e6aedc9ffe708685ae5bb6c1e9fb12ce9d3ef0aa14872c620c8d34e13fc233e2"
  name = "github.com/stretchr/testify"
  packages = [
    "assert",
    "require",
  ]
  pruneopts = "NUT"
  revision = "3ebf1ddaeb260c4b1ae502a01c7844fa8c1fa0e9"
  version = "v1.5.1"

[[projects]]
  digest = "1:3f2695e75ed6dfa1187df6baf40a81d8dd47589e6fbfc4ccb748bceb3af8836c"
  name = "go.mongodb.org/mongo-driver"
  packages = [
    "bson",
    "bson/bsoncodec",
    "bson/bsonoptions",
    "bson/bsonrw",
    "bson/bsontype",
    "bson/primitive",
    "x/bsonx/bsoncore",
  ]
  pruneopts = "NUT"
  revision = "f002b1fa256d7987c03274bab1f4263dbdff0f64"
  version = "v1.3.0"

[[projects]]
  branch = "master"
  digest = "1:d1f7edf951b9cc444358a31de2f4e4c1c5c539ea9c6aca13f5bf92eb1124fc4b"
  name = "golang.org/x/net"
  packages = ["idna"]
  pruneopts = "NUT"
  revision = "0de0cce0169b09b364e001f108dc0399ea8630b3"

[[projects]]
  branch = "master"
  digest = "1:9383d74724defb9c702dfcaaff62c670bea2373b4712c7233fb94fcaaff7a493"
  name = "golang.org/x/sys"
  packages = ["unix"]
  pruneopts = "NUT"
  revision = "d5e6a3e2c0ae16fc7480523ebcb7fd4dd3215489"

[[projects]]
  digest = "1:66a2f252a58b4fbbad0e4e180e1d85a83c222b6bce09c3dcdef3dc87c72eda7c"
  name = "golang.org/x/text"
  packages = [
    "collate",
    "collate/build",
    "internal/colltab",
    "internal/gen",
    "internal/language",
    "internal/language/compact",
    "internal/tag",
    "internal/triegen",
    "internal/ucd",
    "language",
    "secure/bidirule",
    "transform",
    "unicode/bidi",
    "unicode/cldr",
    "unicode/norm",
    "unicode/rangetable",
    "width",
  ]
  pruneopts = "NUT"
  revision = "342b2e1fbaa52c93f31447ad2c6abc048c63e475"
  version = "v0.3.2"

[[projects]]
  digest = "1:a222e924e8dfeca0eccb0e6e8958d233752df7d52b6996f03df2a13a542c30f4"
  name = "google.golang.org/grpc"
  packages = ["codes"]
  pruneopts = "NUT"
  revision = "f495f5b15ae7ccda3b38c53a1bfcde4c1a58a2bc"
  version = "v1.27.1"

[[projects]]
  digest = "1:d9b9ac6943a512737f76bf3d61b08d97121c66686bc02ffc231313563230b468"
  name = "gopkg.in/yaml.v2"
  packages = ["."]
  pruneopts = "NUT"
  revision = "53403b58ad1b561927d19068c655246f2db79d48"
  version = "v2.2.8"

[solve-meta]
  analyzer-name = "dep"
  analyzer-version = 1
  input-imports = [
    "github.com/AlekSi/pointer",
    "github.com/davecgh/go-spew/spew",
    "github.com/go-openapi/runtime",
    "github.com/go-openapi/runtime/client",
    "github.com/jstemmer/go-junit-report",
    "github.com/percona/pmm/api/inventorypb/json/client",
    "github.com/percona/pmm/api/inventorypb/json/client/agents",
    "github.com/percona/pmm/api/inventorypb/json/client/nodes",
    "github.com/percona/pmm/api/inventorypb/json/client/services",
    "github.com/percona/pmm/api/managementpb/json/client",
    "github.com/percona/pmm/api/managementpb/json/client/actions",
    "github.com/percona/pmm/api/managementpb/json/client/annotation",
    "github.com/percona/pmm/api/managementpb/json/client/mongo_db",
    "github.com/percona/pmm/api/managementpb/json/client/my_sql",
    "github.com/percona/pmm/api/managementpb/json/client/node",
    "github.com/percona/pmm/api/managementpb/json/client/postgre_sql",
    "github.com/percona/pmm/api/managementpb/json/client/proxy_sql",
    "github.com/percona/pmm/api/managementpb/json/client/rds",
    "github.com/percona/pmm/api/managementpb/json/client/service",
    "github.com/percona/pmm/api/serverpb/json/client",
    "github.com/percona/pmm/api/serverpb/json/client/server",
    "github.com/percona/pmm/utils/tlsconfig",
    "github.com/sirupsen/logrus",
    "github.com/stretchr/testify/assert",
    "github.com/stretchr/testify/require",
    "golang.org/x/sys/unix",
    "google.golang.org/grpc/codes",
  ]
  solver-name = "gps-cdcl"
  solver-version = 1
